
Microsoft Visual Studio Solution File, Format Version 12.00
# Visual Studio Version 16
VisualStudioVersion = 16.0.31410.357
MinimumVisualStudioVersion = 10.0.40219.1
Project("{FAE04EC0-301F-11D3-BF4B-00C04F79EFBC}") = "RevitAddin_test1", "RevitAddin_test1\RevitAddin_test1.csproj", "{43D647C4-4AE7-440C-885B-1AB67211BF6C}"
EndProject
Global
	GlobalSection(SolutionConfigurationPlatforms) = preSolution
		Debug|Any CPU = Debug|Any CPU
		Release|Any CPU = Release|Any CPU
	EndGlobalSection
	GlobalSection(ProjectConfigurationPlatforms) = postSolution
		{43D647C4-4AE7-440C-885B-1AB67211BF6C}.Debug|Any CPU.ActiveCfg = Debug|Any CPU
		{43D647C4-4AE7-440C-885B-1AB67211BF6C}.Debug|Any CPU.Build.0 = Debug|Any CPU
		{43D647C4-4AE7-440C-885B-1AB67211BF6C}.Release|Any CPU.ActiveCfg = Release|Any CPU
		{43D647C4-4AE7-440C-885B-1AB67211BF6C}.Release|Any CPU.Build.0 = Release|Any CPU
	EndGlobalSection
	GlobalSection(SolutionProperties) = preSolution
		HideSolutionNode = FALSE
	EndGlobalSection
	GlobalSection(ExtensibilityGlobals) = postSolution
		SolutionGuid = {8078A750-74C8-4D84-8191-F3F0D3C49E87}
	EndGlobalSection
EndGlobal
